
Microsoft Visual Studio Solution File, Format Version 12.00
# Visual Studio Version 17
VisualStudioVersion = 17.4.33213.308
MinimumVisualStudioVersion = 10.0.40219.1
Project("{FAE04EC0-301F-11D3-BF4B-00C04F79EFBC}") = "TerrainHeight", "TerrainHeight.csproj", "{6BD121F5-242D-47B2-A493-4D3BFDEAEA3A}"
EndProject
Global
	GlobalSection(SolutionConfigurationPlatforms) = preSolution
		Debug|Any CPU = Debug|Any CPU
		Release|Any CPU = Release|Any CPU
	EndGlobalSection
	GlobalSection(ProjectConfigurationPlatforms) = postSolution
		{6BD121F5-242D-47B2-A493-4D3BFDEAEA3A}.Debug|Any CPU.ActiveCfg = Debug|Any CPU
		{6BD121F5-242D-47B2-A493-4D3BFDEAEA3A}.Debug|Any CPU.Build.0 = Debug|Any CPU
		{6BD121F5-242D-47B2-A493-4D3BFDEAEA3A}.Release|Any CPU.ActiveCfg = Release|Any CPU
		{6BD121F5-242D-47B2-A493-4D3BFDEAEA3A}.Release|Any CPU.Build.0 = Release|Any CPU
	EndGlobalSection
	GlobalSection(SolutionProperties) = preSolution
		HideSolutionNode = FALSE
	EndGlobalSection
	GlobalSection(ExtensibilityGlobals) = postSolution
		SolutionGuid = {DE2B8095-9028-4996-9125-4B019E2938BF}
	EndGlobalSection
EndGlobal
