
Microsoft Visual Studio Solution File, Format Version 12.00
# Visual Studio Version 17
VisualStudioVersion = 17.4.33110.190
MinimumVisualStudioVersion = 10.0.40219.1
Project("{FAE04EC0-301F-11D3-BF4B-00C04F79EFBC}") = "UnlockAll", "UnlockAll.csproj", "{1D563922-5571-4728-AA6E-90BF417CEF1B}"
EndProject
Global
	GlobalSection(SolutionConfigurationPlatforms) = preSolution
		Debug|Any CPU = Debug|Any CPU
		Release|Any CPU = Release|Any CPU
	EndGlobalSection
	GlobalSection(ProjectConfigurationPlatforms) = postSolution
		{1D563922-5571-4728-AA6E-90BF417CEF1B}.Debug|Any CPU.ActiveCfg = Debug|Any CPU
		{1D563922-5571-4728-AA6E-90BF417CEF1B}.Debug|Any CPU.Build.0 = Debug|Any CPU
		{1D563922-5571-4728-AA6E-90BF417CEF1B}.Release|Any CPU.ActiveCfg = Release|Any CPU
		{1D563922-5571-4728-AA6E-90BF417CEF1B}.Release|Any CPU.Build.0 = Release|Any CPU
	EndGlobalSection
	GlobalSection(SolutionProperties) = preSolution
		HideSolutionNode = FALSE
	EndGlobalSection
	GlobalSection(ExtensibilityGlobals) = postSolution
		SolutionGuid = {647C238C-500D-4E7D-BCC0-358EB2DA094D}
	EndGlobalSection
EndGlobal
