
Microsoft Visual Studio Solution File, Format Version 12.00
# Visual Studio Version 17
VisualStudioVersion = 17.4.33213.308
MinimumVisualStudioVersion = 10.0.40219.1
Project("{FAE04EC0-301F-11D3-BF4B-00C04F79EFBC}") = "AutomaticBulldozer", "AutomaticBulldozer.csproj", "{A346DD99-82A5-4417-8534-A3F0BF27D9F5}"
EndProject
Global
	GlobalSection(SolutionConfigurationPlatforms) = preSolution
		Debug|Any CPU = Debug|Any CPU
		Release|Any CPU = Release|Any CPU
	EndGlobalSection
	GlobalSection(ProjectConfigurationPlatforms) = postSolution
		{A346DD99-82A5-4417-8534-A3F0BF27D9F5}.Debug|Any CPU.ActiveCfg = Debug|Any CPU
		{A346DD99-82A5-4417-8534-A3F0BF27D9F5}.Debug|Any CPU.Build.0 = Debug|Any CPU
		{A346DD99-82A5-4417-8534-A3F0BF27D9F5}.Release|Any CPU.ActiveCfg = Release|Any CPU
		{A346DD99-82A5-4417-8534-A3F0BF27D9F5}.Release|Any CPU.Build.0 = Release|Any CPU
	EndGlobalSection
	GlobalSection(SolutionProperties) = preSolution
		HideSolutionNode = FALSE
	EndGlobalSection
	GlobalSection(ExtensibilityGlobals) = postSolution
		SolutionGuid = {3DE2651D-3A1D-413D-A2EB-AE1A37381C70}
	EndGlobalSection
EndGlobal
