
Microsoft Visual Studio Solution File, Format Version 12.00
# Visual Studio Version 17
VisualStudioVersion = 17.3.32922.545
MinimumVisualStudioVersion = 10.0.40219.1
Project("{FAE04EC0-301F-11D3-BF4B-00C04F79EFBC}") = "ResourceMod", "ResourceMod.csproj", "{04BC653F-8BC2-447E-86FB-852A1D561414}"
EndProject
Global
	GlobalSection(SolutionConfigurationPlatforms) = preSolution
		Debug|Any CPU = Debug|Any CPU
		Release|Any CPU = Release|Any CPU
	EndGlobalSection
	GlobalSection(ProjectConfigurationPlatforms) = postSolution
		{04BC653F-8BC2-447E-86FB-852A1D561414}.Debug|Any CPU.ActiveCfg = Debug|Any CPU
		{04BC653F-8BC2-447E-86FB-852A1D561414}.Debug|Any CPU.Build.0 = Debug|Any CPU
		{04BC653F-8BC2-447E-86FB-852A1D561414}.Release|Any CPU.ActiveCfg = Release|Any CPU
		{04BC653F-8BC2-447E-86FB-852A1D561414}.Release|Any CPU.Build.0 = Release|Any CPU
	EndGlobalSection
	GlobalSection(SolutionProperties) = preSolution
		HideSolutionNode = FALSE
	EndGlobalSection
	GlobalSection(ExtensibilityGlobals) = postSolution
		SolutionGuid = {556ADCE2-8FBB-435C-9A48-3E071E0CF19B}
	EndGlobalSection
EndGlobal
