
Microsoft Visual Studio Solution File, Format Version 12.00
# Visual Studio Version 17
VisualStudioVersion = 17.4.33110.190
MinimumVisualStudioVersion = 10.0.40219.1
Project("{FAE04EC0-301F-11D3-BF4B-00C04F79EFBC}") = "UnlimitedMoney", "UnlimitedMoney.csproj", "{77B88D02-5D09-4F0F-A429-9ADE666F947A}"
EndProject
Global
	GlobalSection(SolutionConfigurationPlatforms) = preSolution
		Debug|Any CPU = Debug|Any CPU
		Release|Any CPU = Release|Any CPU
	EndGlobalSection
	GlobalSection(ProjectConfigurationPlatforms) = postSolution
		{77B88D02-5D09-4F0F-A429-9ADE666F947A}.Debug|Any CPU.ActiveCfg = Debug|Any CPU
		{77B88D02-5D09-4F0F-A429-9ADE666F947A}.Debug|Any CPU.Build.0 = Debug|Any CPU
		{77B88D02-5D09-4F0F-A429-9ADE666F947A}.Release|Any CPU.ActiveCfg = Release|Any CPU
		{77B88D02-5D09-4F0F-A429-9ADE666F947A}.Release|Any CPU.Build.0 = Release|Any CPU
	EndGlobalSection
	GlobalSection(SolutionProperties) = preSolution
		HideSolutionNode = FALSE
	EndGlobalSection
	GlobalSection(ExtensibilityGlobals) = postSolution
		SolutionGuid = {84F25814-0844-4592-8577-C2D7CA2D9099}
	EndGlobalSection
EndGlobal
